
Microsoft Visual Studio Solution File, Format Version 12.00
# Visual Studio 15
VisualStudioVersion = 15.0.27703.2047
MinimumVisualStudioVersion = 10.0.40219.1
Project("{FAE04EC0-301F-11D3-BF4B-00C04F79EFBC}") = "RSSParser", "RSSParser\RSSParser.csproj", "{338439C0-786B-4E35-BAB1-8DBB23C2D96B}"
EndProject
Global
	GlobalSection(SolutionConfigurationPlatforms) = preSolution
		Debug|Any CPU = Debug|Any CPU
		Release|Any CPU = Release|Any CPU
	EndGlobalSection
	GlobalSection(ProjectConfigurationPlatforms) = postSolution
		{338439C0-786B-4E35-BAB1-8DBB23C2D96B}.Debug|Any CPU.ActiveCfg = Debug|Any CPU
		{338439C0-786B-4E35-BAB1-8DBB23C2D96B}.Debug|Any CPU.Build.0 = Debug|Any CPU
		{338439C0-786B-4E35-BAB1-8DBB23C2D96B}.Release|Any CPU.ActiveCfg = Release|Any CPU
		{338439C0-786B-4E35-BAB1-8DBB23C2D96B}.Release|Any CPU.Build.0 = Release|Any CPU
	EndGlobalSection
	GlobalSection(SolutionProperties) = preSolution
		HideSolutionNode = FALSE
	EndGlobalSection
	GlobalSection(ExtensibilityGlobals) = postSolution
		SolutionGuid = {B9AA8FCD-DEEC-4933-8233-EF9CA42247F2}
	EndGlobalSection
EndGlobal
